// !$*UTF8*$!
{
	archiveVersion = 1;
	classes = {
	};
	objectVersion = 50;
	objects = {

/* Begin PBXBuildFile section */
		522263DC26B68A40007DD16F /* BookContent.swift in Sources */ = {isa = PBXBuildFile; fileRef = 522263DB26B68A40007DD16F /* BookContent.swift */; };
		5258562F26B0FD65003E607E /* books_appApp.swift in Sources */ = {isa = PBXBuildFile; fileRef = 5258562E26B0FD65003E607E /* books_appApp.swift */; };
		5258563126B0FD65003E607E /* BooksList.swift in Sources */ = {isa = PBXBuildFile; fileRef = 5258563026B0FD65003E607E /* BooksList.swift */; };
		5258563326B0FD66003E607E /* Assets.xcassets in Resources */ = {isa = PBXBuildFile; fileRef = 5258563226B0FD66003E607E /* Assets.xcassets */; };
		5258563626B0FD66003E607E /* Preview Assets.xcassets in Resources */ = {isa = PBXBuildFile; fileRef = 5258563526B0FD66003E607E /* Preview Assets.xcassets */; };
		5258564126B0FDEB003E607E /* Books.swift in Sources */ = {isa = PBXBuildFile; fileRef = 5258564026B0FDEB003E607E /* Books.swift */; };
		5258564326B0FDFC003E607E /* BookModel.swift in Sources */ = {isa = PBXBuildFile; fileRef = 5258564226B0FDFC003E607E /* BookModel.swift */; };
		5258564726B0FE7D003E607E /* Data.json in Resources */ = {isa = PBXBuildFile; fileRef = 5258564626B0FE7D003E607E /* Data.json */; };
		5258564926B1001A003E607E /* DataServices.swift in Sources */ = {isa = PBXBuildFile; fileRef = 5258564826B1001A003E607E /* DataServices.swift */; };
		5275B23B26B3EFE100A63EC4 /* BookAction.swift in Sources */ = {isa = PBXBuildFile; fileRef = 5275B23A26B3EFE100A63EC4 /* BookAction.swift */; };
		5299D0C826B244810008A64D /* BookPreview.swift in Sources */ = {isa = PBXBuildFile; fileRef = 5299D0C726B244810008A64D /* BookPreview.swift */; };
/* End PBXBuildFile section */

/* Begin PBXFileReference section */
		522263DB26B68A40007DD16F /* BookContent.swift */ = {isa = PBXFileReference; lastKnownFileType = sourcecode.swift; path = BookContent.swift; sourceTree = "<group>"; };
		5258562B26B0FD65003E607E /* books-app.app */ = {isa = PBXFileReference; explicitFileType = wrapper.application; includeInIndex = 0; path = "books-app.app"; sourceTree = BUILT_PRODUCTS_DIR; };
		5258562E26B0FD65003E607E /* books_appApp.swift */ = {isa = PBXFileReference; lastKnownFileType = sourcecode.swift; path = books_appApp.swift; sourceTree = "<group>"; };
		5258563026B0FD65003E607E /* BooksList.swift */ = {isa = PBXFileReference; lastKnownFileType = sourcecode.swift; path = BooksList.swift; sourceTree = "<group>"; };
		5258563226B0FD66003E607E /* Assets.xcassets */ = {isa = PBXFileReference; lastKnownFileType = folder.assetcatalog; path = Assets.xcassets; sourceTree = "<group>"; };
		5258563526B0FD66003E607E /* Preview Assets.xcassets */ = {isa = PBXFileReference; lastKnownFileType = folder.assetcatalog; path = "Preview Assets.xcassets"; sourceTree = "<group>"; };
		5258563726B0FD66003E607E /* Info.plist */ = {isa = PBXFileReference; lastKnownFileType = text.plist.xml; path = Info.plist; sourceTree = "<group>"; };
		5258564026B0FDEB003E607E /* Books.swift */ = {isa = PBXFileReference; lastKnownFileType = sourcecode.swift; path = Books.swift; sourceTree = "<group>"; };
		5258564226B0FDFC003E607E /* BookModel.swift */ = {isa = PBXFileReference; lastKnownFileType = sourcecode.swift; path = BookModel.swift; sourceTree = "<group>"; };
		5258564626B0FE7D003E607E /* Data.json */ = {isa = PBXFileReference; fileEncoding = 4; lastKnownFileType = text.json; path = Data.json; sourceTree = "<group>"; };
		5258564826B1001A003E607E /* DataServices.swift */ = {isa = PBXFileReference; lastKnownFileType = sourcecode.swift; path = DataServices.swift; sourceTree = "<group>"; };
		5275B23A26B3EFE100A63EC4 /* BookAction.swift */ = {isa = PBXFileReference; lastKnownFileType = sourcecode.swift; path = BookAction.swift; sourceTree = "<group>"; };
		5299D0C726B244810008A64D /* BookPreview.swift */ = {isa = PBXFileReference; lastKnownFileType = sourcecode.swift; path = BookPreview.swift; sourceTree = "<group>"; };
/* End PBXFileReference section */

/* Begin PBXFrameworksBuildPhase section */
		5258562826B0FD65003E607E /* Frameworks */ = {
			isa = PBXFrameworksBuildPhase;
			buildActionMask = 2147483647;
			files = (
			);
			runOnlyForDeploymentPostprocessing = 0;
		};
/* End PBXFrameworksBuildPhase section */

/* Begin PBXGroup section */
		5258562226B0FD65003E607E = {
			isa = PBXGroup;
			children = (
				5258562D26B0FD65003E607E /* books-app */,
				5258562C26B0FD65003E607E /* Products */,
			);
			sourceTree = "<group>";
		};
		5258562C26B0FD65003E607E /* Products */ = {
			isa = PBXGroup;
			children = (
				5258562B26B0FD65003E607E /* books-app.app */,
			);
			name = Products;
			sourceTree = "<group>";
		};
		5258562D26B0FD65003E607E /* books-app */ = {
			isa = PBXGroup;
			children = (
				5258563E26B0FD8C003E607E /* Views */,
				5258563D26B0FD81003E607E /* Models */,
				5258563F26B0FD94003E607E /* ViewModels */,
				5258564526B0FE53003E607E /* Services */,
				5258564426B0FE40003E607E /* Data */,
				5258562E26B0FD65003E607E /* books_appApp.swift */,
				5258563226B0FD66003E607E /* Assets.xcassets */,
				5258563726B0FD66003E607E /* Info.plist */,
				5258563426B0FD66003E607E /* Preview Content */,
			);
			path = "books-app";
			sourceTree = "<group>";
		};
		5258563426B0FD66003E607E /* Preview Content */ = {
			isa = PBXGroup;
			children = (
				5258563526B0FD66003E607E /* Preview Assets.xcassets */,
			);
			path = "Preview Content";
			sourceTree = "<group>";
		};
		5258563D26B0FD81003E607E /* Models */ = {
			isa = PBXGroup;
			children = (
				5258564026B0FDEB003E607E /* Books.swift */,
			);
			path = Models;
			sourceTree = "<group>";
		};
		5258563E26B0FD8C003E607E /* Views */ = {
			isa = PBXGroup;
			children = (
				5258563026B0FD65003E607E /* BooksList.swift */,
				5299D0C726B244810008A64D /* BookPreview.swift */,
				5275B23A26B3EFE100A63EC4 /* BookAction.swift */,
				522263DB26B68A40007DD16F /* BookContent.swift */,
			);
			path = Views;
			sourceTree = "<group>";
		};
		5258563F26B0FD94003E607E /* ViewModels */ = {
			isa = PBXGroup;
			children = (
				5258564226B0FDFC003E607E /* BookModel.swift */,
			);
			path = ViewModels;
			sourceTree = "<group>";
		};
		5258564426B0FE40003E607E /* Data */ = {
			isa = PBXGroup;
			children = (
				5258564626B0FE7D003E607E /* Data.json */,
			);
			path = Data;
			sourceTree = "<group>";
		};
		5258564526B0FE53003E607E /* Services */ = {
			isa = PBXGroup;
			children = (
				5258564826B1001A003E607E /* DataServices.swift */,
			);
			path = Services;
			sourceTree = "<group>";
		};
/* End PBXGroup section */

/* Begin PBXNativeTarget section */
		5258562A26B0FD65003E607E /* books-app */ = {
			isa = PBXNativeTarget;
			buildConfigurationList = 5258563A26B0FD66003E607E /* Build configuration list for PBXNativeTarget "books-app" */;
			buildPhases = (
				5258562726B0FD65003E607E /* Sources */,
				5258562826B0FD65003E607E /* Frameworks */,
				5258562926B0FD65003E607E /* Resources */,
			);
			buildRules = (
			);
			dependencies = (
			);
			name = "books-app";
			productName = "books-app";
			productReference = 5258562B26B0FD65003E607E /* books-app.app */;
			productType = "com.apple.product-type.application";
		};
/* End PBXNativeTarget section */

/* Begin PBXProject section */
		5258562326B0FD65003E607E /* Project object */ = {
			isa = PBXProject;
			attributes = {
				LastSwiftUpdateCheck = 1250;
				LastUpgradeCheck = 1250;
				TargetAttributes = {
					5258562A26B0FD65003E607E = {
						CreatedOnToolsVersion = 12.5.1;
					};
				};
			};
			buildConfigurationList = 5258562626B0FD65003E607E /* Build configuration list for PBXProject "books-app" */;
			compatibilityVersion = "Xcode 9.3";
			developmentRegion = en;
			hasScannedForEncodings = 0;
			knownRegions = (
				en,
				Base,
			);
			mainGroup = 5258562226B0FD65003E607E;
			productRefGroup = 5258562C26B0FD65003E607E /* Products */;
			projectDirPath = "";
			projectRoot = "";
			targets = (
				5258562A26B0FD65003E607E /* books-app */,
			);
		};
/* End PBXProject section */

/* Begin PBXResourcesBuildPhase section */
		5258562926B0FD65003E607E /* Resources */ = {
			isa = PBXResourcesBuildPhase;
			buildActionMask = 2147483647;
			files = (
				5258563626B0FD66003E607E /* Preview Assets.xcassets in Resources */,
				5258563326B0FD66003E607E /* Assets.xcassets in Resources */,
				5258564726B0FE7D003E607E /* Data.json in Resources */,
			);
			runOnlyForDeploymentPostprocessing = 0;
		};
/* End PBXResourcesBuildPhase section */

/* Begin PBXSourcesBuildPhase section */
		5258562726B0FD65003E607E /* Sources */ = {
			isa = PBXSourcesBuildPhase;
			buildActionMask = 2147483647;
			files = (
				5258564926B1001A003E607E /* DataServices.swift in Sources */,
				5258564126B0FDEB003E607E /* Books.swift in Sources */,
				522263DC26B68A40007DD16F /* BookContent.swift in Sources */,
				5275B23B26B3EFE100A63EC4 /* BookAction.swift in Sources */,
				5258563126B0FD65003E607E /* BooksList.swift in Sources */,
				5258564326B0FDFC003E607E /* BookModel.swift in Sources */,
				5258562F26B0FD65003E607E /* books_appApp.swift in Sources */,
				5299D0C826B244810008A64D /* BookPreview.swift in Sources */,
			);
			runOnlyForDeploymentPostprocessing = 0;
		};
/* End PBXSourcesBuildPhase section */

/* Begin XCBuildConfiguration section */
		5258563826B0FD66003E607E /* Debug */ = {
			isa = XCBuildConfiguration;
			buildSettings = {
				ALWAYS_SEARCH_USER_PATHS = NO;
				CLANG_ANALYZER_NONNULL = YES;
				CLANG_ANALYZER_NUMBER_OBJECT_CONVERSION = YES_AGGRESSIVE;
				CLANG_CXX_LANGUAGE_STANDARD = "gnu++14";
				CLANG_CXX_LIBRARY = "libc++";
				CLANG_ENABLE_MODULES = YES;
				CLANG_ENABLE_OBJC_ARC = YES;
				CLANG_ENABLE_OBJC_WEAK = YES;
				CLANG_WARN_BLOCK_CAPTURE_AUTORELEASING = YES;
				CLANG_WARN_BOOL_CONVERSION = YES;
				CLANG_WARN_COMMA = YES;
				CLANG_WARN_CONSTANT_CONVERSION = YES;
				CLANG_WARN_DEPRECATED_OBJC_IMPLEMENTATIONS = YES;
				CLANG_WARN_DIRECT_OBJC_ISA_USAGE = YES_ERROR;
				CLANG_WARN_DOCUMENTATION_COMMENTS = YES;
				CLANG_WARN_EMPTY_BODY = YES;
				CLANG_WARN_ENUM_CONVERSION = YES;
				CLANG_WARN_INFINITE_RECURSION = YES;
				CLANG_WARN_INT_CONVERSION = YES;
				CLANG_WARN_NON_LITERAL_NULL_CONVERSION = YES;
				CLANG_WARN_OBJC_IMPLICIT_RETAIN_SELF = YES;
				CLANG_WARN_OBJC_LITERAL_CONVERSION = YES;
				CLANG_WARN_OBJC_ROOT_CLASS = YES_ERROR;
				CLANG_WARN_QUOTED_INCLUDE_IN_FRAMEWORK_HEADER = YES;
				CLANG_WARN_RANGE_LOOP_ANALYSIS = YES;
				CLANG_WARN_STRICT_PROTOTYPES = YES;
				CLANG_WARN_SUSPICIOUS_MOVE = YES;
				CLANG_WARN_UNGUARDED_AVAILABILITY = YES_AGGRESSIVE;
				CLANG_WARN_UNREACHABLE_CODE = YES;
				CLANG_WARN__DUPLICATE_METHOD_MATCH = YES;
				COPY_PHASE_STRIP = NO;
				DEBUG_INFORMATION_FORMAT = dwarf;
				ENABLE_STRICT_OBJC_MSGSEND = YES;
				ENABLE_TESTABILITY = YES;
				GCC_C_LANGUAGE_STANDARD = gnu11;
				GCC_DYNAMIC_NO_PIC = NO;
				GCC_NO_COMMON_BLOCKS = YES;
				GCC_OPTIMIZATION_LEVEL = 0;
				GCC_PREPROCESSOR_DEFINITIONS = (
					"DEBUG=1",
					"$(inherited)",
				);
				GCC_WARN_64_TO_32_BIT_CONVERSION = YES;
				GCC_WARN_ABOUT_RETURN_TYPE = YES_ERROR;
				GCC_WARN_UNDECLARED_SELECTOR = YES;
				GCC_WARN_UNINITIALIZED_AUTOS = YES_AGGRESSIVE;
				GCC_WARN_UNUSED_FUNCTION = YES;
				GCC_WARN_UNUSED_VARIABLE = YES;
				IPHONEOS_DEPLOYMENT_TARGET = 14.5;
				MTL_ENABLE_DEBUG_INFO = INCLUDE_SOURCE;
				MTL_FAST_MATH = YES;
				ONLY_ACTIVE_ARCH = YES;
				SDKROOT = iphoneos;
				SWIFT_ACTIVE_COMPILATION_CONDITIONS = DEBUG;
				SWIFT_OPTIMIZATION_LEVEL = "-Onone";
			};
			name = Debug;
		};
		5258563926B0FD66003E607E /* Release */ = {
			isa = XCBuildConfiguration;
			buildSettings = {
				ALWAYS_SEARCH_USER_PATHS = NO;
				CLANG_ANALYZER_NONNULL = YES;
				CLANG_ANALYZER_NUMBER_OBJECT_CONVERSION = YES_AGGRESSIVE;
				CLANG_CXX_LANGUAGE_STANDARD = "gnu++14";
				CLANG_CXX_LIBRARY = "libc++";
				CLANG_ENABLE_MODULES = YES;
				CLANG_ENABLE_OBJC_ARC = YES;
				CLANG_ENABLE_OBJC_WEAK = YES;
				CLANG_WARN_BLOCK_CAPTURE_AUTORELEASING = YES;
				CLANG_WARN_BOOL_CONVERSION = YES;
				CLANG_WARN_COMMA = YES;
				CLANG_WARN_CONSTANT_CONVERSION = YES;
				CLANG_WARN_DEPRECATED_OBJC_IMPLEMENTATIONS = YES;
				CLANG_WARN_DIRECT_OBJC_ISA_USAGE = YES_ERROR;
				CLANG_WARN_DOCUMENTATION_COMMENTS = YES;
				CLANG_WARN_EMPTY_BODY = YES;
				CLANG_WARN_ENUM_CONVERSION = YES;
				CLANG_WARN_INFINITE_RECURSION = YES;
				CLANG_WARN_INT_CONVERSION = YES;
				CLANG_WARN_NON_LITERAL_NULL_CONVERSION = YES;
				CLANG_WARN_OBJC_IMPLICIT_RETAIN_SELF = YES;
				CLANG_WARN_OBJC_LITERAL_CONVERSION = YES;
				CLANG_WARN_OBJC_ROOT_CLASS = YES_ERROR;
				CLANG_WARN_QUOTED_INCLUDE_IN_FRAMEWORK_HEADER = YES;
				CLANG_WARN_RANGE_LOOP_ANALYSIS = YES;
				CLANG_WARN_STRICT_PROTOTYPES = YES;
				CLANG_WARN_SUSPICIOUS_MOVE = YES;
				CLANG_WARN_UNGUARDED_AVAILABILITY = YES_AGGRESSIVE;
				CLANG_WARN_UNREACHABLE_CODE = YES;
				CLANG_WARN__DUPLICATE_METHOD_MATCH = YES;
				COPY_PHASE_STRIP = NO;
				DEBUG_INFORMATION_FORMAT = "dwarf-with-dsym";
				ENABLE_NS_ASSERTIONS = NO;
				ENABLE_STRICT_OBJC_MSGSEND = YES;
				GCC_C_LANGUAGE_STANDARD = gnu11;
				GCC_NO_COMMON_BLOCKS = YES;
				GCC_WARN_64_TO_32_BIT_CONVERSION = YES;
				GCC_WARN_ABOUT_RETURN_TYPE = YES_ERROR;
				GCC_WARN_UNDECLARED_SELECTOR = YES;
				GCC_WARN_UNINITIALIZED_AUTOS = YES_AGGRESSIVE;
				GCC_WARN_UNUSED_FUNCTION = YES;
				GCC_WARN_UNUSED_VARIABLE = YES;
				IPHONEOS_DEPLOYMENT_TARGET = 14.5;
				MTL_ENABLE_DEBUG_INFO = NO;
				MTL_FAST_MATH = YES;
				SDKROOT = iphoneos;
				SWIFT_COMPILATION_MODE = wholemodule;
				SWIFT_OPTIMIZATION_LEVEL = "-O";
				VALIDATE_PRODUCT = YES;
			};
			name = Release;
		};
		5258563B26B0FD66003E607E /* Debug */ = {
			isa = XCBuildConfiguration;
			buildSettings = {
				ASSETCATALOG_COMPILER_APPICON_NAME = AppIcon;
				ASSETCATALOG_COMPILER_GLOBAL_ACCENT_COLOR_NAME = AccentColor;
				CODE_SIGN_STYLE = Automatic;
				DEVELOPMENT_ASSET_PATHS = "\"books-app/Preview Content\"";
				DEVELOPMENT_TEAM = 8GL4V57723;
				ENABLE_PREVIEWS = YES;
				FRAMEWORK_SEARCH_PATHS = (
					"$(inherited)",
					"$(PROJECT_DIR)/books-app/Data",
				);
				INFOPLIST_FILE = "books-app/Info.plist";
				IPHONEOS_DEPLOYMENT_TARGET = 14.0;
				LD_RUNPATH_SEARCH_PATHS = (
					"$(inherited)",
					"@executable_path/Frameworks",
				);
				PRODUCT_BUNDLE_IDENTIFIER = "com.codewithvu.books-app";
				PRODUCT_NAME = "$(TARGET_NAME)";
				SWIFT_VERSION = 5.0;
				TARGETED_DEVICE_FAMILY = "1,2";
			};
			name = Debug;
		};
		5258563C26B0FD66003E607E /* Release */ = {
			isa = XCBuildConfiguration;
			buildSettings = {
				ASSETCATALOG_COMPILER_APPICON_NAME = AppIcon;
				ASSETCATALOG_COMPILER_GLOBAL_ACCENT_COLOR_NAME = AccentColor;
				CODE_SIGN_STYLE = Automatic;
				DEVELOPMENT_ASSET_PATHS = "\"books-app/Preview Content\"";
				DEVELOPMENT_TEAM = 8GL4V57723;
				ENABLE_PREVIEWS = YES;
				FRAMEWORK_SEARCH_PATHS = (
					"$(inherited)",
					"$(PROJECT_DIR)/books-app/Data",
				);
				INFOPLIST_FILE = "books-app/Info.plist";
				IPHONEOS_DEPLOYMENT_TARGET = 14.0;
				LD_RUNPATH_SEARCH_PATHS = (
					"$(inherited)",
					"@executable_path/Frameworks",
				);
				PRODUCT_BUNDLE_IDENTIFIER = "com.codewithvu.books-app";
				PRODUCT_NAME = "$(TARGET_NAME)";
				SWIFT_VERSION = 5.0;
				TARGETED_DEVICE_FAMILY = "1,2";
			};
			name = Release;
		};
/* End XCBuildConfiguration section */

/* Begin XCConfigurationList section */
		5258562626B0FD65003E607E /* Build configuration list for PBXProject "books-app" */ = {
			isa = XCConfigurationList;
			buildConfigurations = (
				5258563826B0FD66003E607E /* Debug */,
				5258563926B0FD66003E607E /* Release */,
			);
			defaultConfigurationIsVisible = 0;
			defaultConfigurationName = Release;
		};
		5258563A26B0FD66003E607E /* Build configuration list for PBXNativeTarget "books-app" */ = {
			isa = XCConfigurationList;
			buildConfigurations = (
				5258563B26B0FD66003E607E /* Debug */,
				5258563C26B0FD66003E607E /* Release */,
			);
			defaultConfigurationIsVisible = 0;
			defaultConfigurationName = Release;
		};
/* End XCConfigurationList section */
	};
	rootObject = 5258562326B0FD65003E607E /* Project object */;
}
